# This file was autogenerated by uv via the following command:
#    uv pip compile --python-version 3.12 examples/swe-bench/requirements.in -o examples/swe-bench/requirements.lock
aiohappyeyeballs==2.7.1
    # via aiohttp
aiohttp==3.14.3
    # via
    #   fsspec
    #   modal
aiosignal==1.4.0
    # via aiohttp
anyio==4.15.1
    # via
    #   httpx
    #   httpx2
    #   watchfiles
attrs==26.1.0
    # via aiohttp
beautifulsoup4==4.15.0
    # via swebench
cbor2==6.1.4
    # via modal
certifi==2026.7.22
    # via
    #   httpcore
    #   httpx
    #   modal
    #   requests
cfgv==3.5.0
    # via pre-commit
chardet==7.6.0
    # via swebench
charset-normalizer==3.5.1
    # via requests
click==8.5.0
    # via
    #   huggingface-hub
    #   modal
datasets==5.0.1
    # via swebench
dill==0.4.1
    # via
    #   datasets
    #   multiprocess
distlib==0.4.3
    # via virtualenv
docker==7.2.0
    # via swebench
fastcore==2.2.23
    # via
    #   fastspec
    #   fasttransport
    #   ghapi
fastspec==0.2.4
    # via ghapi
fasttransport==0.0.4
    # via
    #   fastspec
    #   ghapi
filelock==3.32.6
    # via
    #   datasets
    #   huggingface-hub
    #   python-discovery
    #   virtualenv
frozenlist==1.8.0
    # via
    #   aiohttp
    #   aiosignal
fsspec==2026.6.0
    # via
    #   datasets
    #   huggingface-hub
ghapi==2.1.3
    # via swebench
gitdb==4.0.12
    # via gitpython
gitpython==3.1.62
    # via swebench
grpclib==0.4.9
    # via modal
h11==0.16.0
    # via
    #   httpcore
    #   httpcore2
h2==4.4.1
    # via grpclib
hf-xet==1.6.0
    # via huggingface-hub
hpack==4.2.0
    # via h2
httpcore==1.0.9
    # via httpx
httpcore2==2.12.0
    # via httpx2
httpx==0.28.1
    # via
    #   datasets
    #   huggingface-hub
httpx2==2.12.0
    # via fasttransport
huggingface-hub==1.31.0
    # via datasets
hyperframe==6.1.0
    # via h2
identify==2.6.19
    # via pre-commit
idna==3.19
    # via
    #   anyio
    #   httpx
    #   httpx2
    #   requests
    #   yarl
markdown-it-py==4.2.0
    # via rich
mdurl==0.1.2
    # via markdown-it-py
modal==1.5.5
    # via swebench
multidict==6.8.0
    # via
    #   aiohttp
    #   grpclib
    #   yarl
multiprocess==0.70.19
    # via datasets
nodeenv==1.10.0
    # via pre-commit
numpy==2.5.3
    # via
    #   datasets
    #   pandas
packaging==26.3
    # via
    #   datasets
    #   huggingface-hub
pandas==3.0.5
    # via datasets
platformdirs==4.11.8
    # via virtualenv
pre-commit==4.6.2
    # via swebench
propcache==0.5.2
    # via
    #   aiohttp
    #   yarl
protobuf==6.33.6
    # via modal
pyarrow==25.0.1
    # via datasets
pygments==2.21.0
    # via rich
python-dateutil==2.9.0.post0
    # via pandas
python-discovery==1.6.0
    # via virtualenv
python-dotenv==1.2.3
    # via swebench
pyyaml==6.0.3
    # via
    #   datasets
    #   huggingface-hub
    #   pre-commit
requests==2.34.2
    # via
    #   datasets
    #   docker
    #   swebench
rich==15.0.0
    # via
    #   modal
    #   swebench
six==1.17.0
    # via python-dateutil
smmap==5.0.3
    # via gitdb
soupsieve==2.9.2
    # via beautifulsoup4
swebench==4.1.0
    # via -r examples/swe-bench/requirements.in
synchronicity==0.12.5
    # via modal
tenacity==9.1.4
    # via swebench
toml==0.10.2
    # via modal
tqdm==4.70.1
    # via
    #   datasets
    #   huggingface-hub
    #   swebench
truststore==0.10.4
    # via
    #   httpcore2
    #   httpx2
types-certifi==2021.10.8.3
    # via modal
types-toml==0.10.8.20260518
    # via modal
typing-extensions==4.16.0
    # via
    #   aiohttp
    #   aiosignal
    #   anyio
    #   beautifulsoup4
    #   httpx2
    #   huggingface-hub
    #   modal
    #   synchronicity
unidiff==1.0.0
    # via swebench
urllib3==2.7.0
    # via
    #   docker
    #   requests
virtualenv==21.7.9
    # via pre-commit
watchfiles==1.2.0
    # via modal
xxhash==4.0.1
    # via datasets
yarl==1.24.5
    # via aiohttp
